
Microsoft Visual Studio Solution File, Format Version 12.00
# Visual Studio Version 16
VisualStudioVersion = 16.0.30011.22
MinimumVisualStudioVersion = 10.0.40219.1
Project("{9A19103F-16F7-4668-BE54-9A1E7A4F7556}") = "Process.NET", "Process.NET\Process.NET.csproj", "{FE5129FB-9FFA-4E8D-BD7D-A9DF8A3E9A28}"
EndProject
Project("{FAE04EC0-301F-11D3-BF4B-00C04F79EFBC}") = "Process.NET.Test", "..\test-dotnetcore\Process.NET.Test\Process.NET.Test.csproj", "{FB56BB8B-3647-4A7B-8A18-06FD24976388}"
EndProject
Global
	GlobalSection(SolutionConfigurationPlatforms) = preSolution
		Debug|Any CPU = Debug|Any CPU
		Release|Any CPU = Release|Any CPU
	EndGlobalSection
	GlobalSection(ProjectConfigurationPlatforms) = postSolution
		{FE5129FB-9FFA-4E8D-BD7D-A9DF8A3E9A28}.Debug|Any CPU.ActiveCfg = Debug|Any CPU
		{FE5129FB-9FFA-4E8D-BD7D-A9DF8A3E9A28}.Debug|Any CPU.Build.0 = Debug|Any CPU
		{FE5129FB-9FFA-4E8D-BD7D-A9DF8A3E9A28}.Release|Any CPU.ActiveCfg = Release|Any CPU
		{FE5129FB-9FFA-4E8D-BD7D-A9DF8A3E9A28}.Release|Any CPU.Build.0 = Release|Any CPU
		{FB56BB8B-3647-4A7B-8A18-06FD24976388}.Debug|Any CPU.ActiveCfg = Debug|Any CPU
		{FB56BB8B-3647-4A7B-8A18-06FD24976388}.Debug|Any CPU.Build.0 = Debug|Any CPU
		{FB56BB8B-3647-4A7B-8A18-06FD24976388}.Release|Any CPU.ActiveCfg = Release|Any CPU
		{FB56BB8B-3647-4A7B-8A18-06FD24976388}.Release|Any CPU.Build.0 = Release|Any CPU
	EndGlobalSection
	GlobalSection(SolutionProperties) = preSolution
		HideSolutionNode = FALSE
	EndGlobalSection
	GlobalSection(ExtensibilityGlobals) = postSolution
		SolutionGuid = {4032F3B3-29D4-40CD-83C3-111AA7B63D4E}
	EndGlobalSection
EndGlobal
